// !$*UTF8*$!
{
	archiveVersion = 1;
	classes = {
	};
	objectVersion = 46;
	objects = {

/* Begin PBXBuildFile section */
		F30ED68419328ED80027483C /* Foundation.framework in Frameworks */ = {isa = PBXBuildFile; fileRef = F30ED68319328ED80027483C /* Foundation.framework */; };
		F30ED68619328ED80027483C /* CoreGraphics.framework in Frameworks */ = {isa = PBXBuildFile; fileRef = F30ED68519328ED80027483C /* CoreGraphics.framework */; };
		F30ED68819328ED80027483C /* UIKit.framework in Frameworks */ = {isa = PBXBuildFile; fileRef = F30ED68719328ED80027483C /* UIKit.framework */; };
		F30ED68A19328ED80027483C /* SpriteKit.framework in Frameworks */ = {isa = PBXBuildFile; fileRef = F30ED68919328ED80027483C /* SpriteKit.framework */; };
		F30ED69019328ED80027483C /* InfoPlist.strings in Resources */ = {isa = PBXBuildFile; fileRef = F30ED68E19328ED80027483C /* InfoPlist.strings */; };
		F30ED69219328ED80027483C /* main.m in Sources */ = {isa = PBXBuildFile; fileRef = F30ED69119328ED80027483C /* main.m */; };
		F30ED69619328ED80027483C /* AppDelegate.m in Sources */ = {isa = PBXBuildFile; fileRef = F30ED69519328ED80027483C /* AppDelegate.m */; };
		F30ED69919328ED80027483C /* Main.storyboard in Resources */ = {isa = PBXBuildFile; fileRef = F30ED69719328ED80027483C /* Main.storyboard */; };
		F30ED69C19328ED80027483C /* ViewController.m in Sources */ = {isa = PBXBuildFile; fileRef = F30ED69B19328ED80027483C /* ViewController.m */; };
		F30ED69F19328ED80027483C /* MyScene.m in Sources */ = {isa = PBXBuildFile; fileRef = F30ED69E19328ED80027483C /* MyScene.m */; };
		F30ED6A119328ED80027483C /* Spaceship.png in Resources */ = {isa = PBXBuildFile; fileRef = F30ED6A019328ED80027483C /* Spaceship.png */; };
		F30ED6A319328ED80027483C /* Images.xcassets in Resources */ = {isa = PBXBuildFile; fileRef = F30ED6A219328ED80027483C /* Images.xcassets */; };
		F30ED6AA19328ED90027483C /* XCTest.framework in Frameworks */ = {isa = PBXBuildFile; fileRef = F30ED6A919328ED90027483C /* XCTest.framework */; };
		F30ED6AB19328ED90027483C /* Foundation.framework in Frameworks */ = {isa = PBXBuildFile; fileRef = F30ED68319328ED80027483C /* Foundation.framework */; };
		F30ED6AC19328ED90027483C /* UIKit.framework in Frameworks */ = {isa = PBXBuildFile; fileRef = F30ED68719328ED80027483C /* UIKit.framework */; };
		F30ED6B419328ED90027483C /* InfoPlist.strings in Resources */ = {isa = PBXBuildFile; fileRef = F30ED6B219328ED90027483C /* InfoPlist.strings */; };
		F30ED6B619328ED90027483C /* ShootyJumpyBoyTests.m in Sources */ = {isa = PBXBuildFile; fileRef = F30ED6B519328ED90027483C /* ShootyJumpyBoyTests.m */; };
		F30ED6C11932901C0027483C /* Constants.m in Sources */ = {isa = PBXBuildFile; fileRef = F30ED6C01932901C0027483C /* Constants.m */; };
		F30ED6CE193296390027483C /* Shoot.png in Resources */ = {isa = PBXBuildFile; fileRef = F30ED6CD193296390027483C /* Shoot.png */; };
		F30ED6D319329E4B0027483C /* brick.png in Resources */ = {isa = PBXBuildFile; fileRef = F30ED6D219329E4B0027483C /* brick.png */; };
		F30ED6D51932A0E00027483C /* Jump.png in Resources */ = {isa = PBXBuildFile; fileRef = F30ED6D41932A0E00027483C /* Jump.png */; };
		F30ED6D71932E6270027483C /* Run.atlas in Resources */ = {isa = PBXBuildFile; fileRef = F30ED6D61932E6270027483C /* Run.atlas */; };
		F30ED6D91932E86C0027483C /* bg.png in Resources */ = {isa = PBXBuildFile; fileRef = F30ED6D81932E86C0027483C /* bg.png */; };
		F30ED6DC1932EB960027483C /* Projectile.sks in Resources */ = {isa = PBXBuildFile; fileRef = F30ED6DA1932EB960027483C /* Projectile.sks */; };
		F30ED6DD1932EB960027483C /* spark.png in Resources */ = {isa = PBXBuildFile; fileRef = F30ED6DB1932EB960027483C /* spark.png */; };
		F30ED6DF1932F4DB0027483C /* Floor.png in Resources */ = {isa = PBXBuildFile; fileRef = F30ED6DE1932F4DB0027483C /* Floor.png */; };
		F30ED6E21932F92A0027483C /* Met.png in Resources */ = {isa = PBXBuildFile; fileRef = F30ED6E11932F92A0027483C /* Met.png */; };
		F30ED6E41932FC760027483C /* EXPLOSION.atlas in Resources */ = {isa = PBXBuildFile; fileRef = F30ED6E31932FC760027483C /* EXPLOSION.atlas */; };
		F30ED6E71933AB100027483C /* StartScene.m in Sources */ = {isa = PBXBuildFile; fileRef = F30ED6E61933AB100027483C /* StartScene.m */; };
		F30ED6EA1933AB8F0027483C /* SKButton.m in Sources */ = {isa = PBXBuildFile; fileRef = F30ED6E91933AB8F0027483C /* SKButton.m */; };
		F30ED6EE1933AD7A0027483C /* ButtonNormal.png in Resources */ = {isa = PBXBuildFile; fileRef = F30ED6EC1933AD7A0027483C /* ButtonNormal.png */; };
		F30ED6EF1933AD7A0027483C /* ButtonSelected.png in Resources */ = {isa = PBXBuildFile; fileRef = F30ED6ED1933AD7A0027483C /* ButtonSelected.png */; };
		F30ED6F21934009B0027483C /* GameOverScene.m in Sources */ = {isa = PBXBuildFile; fileRef = F30ED6F11934009B0027483C /* GameOverScene.m */; };
		F30ED6F6193404780027483C /* GameKit.framework in Frameworks */ = {isa = PBXBuildFile; fileRef = F30ED6F5193404780027483C /* GameKit.framework */; };
		F30ED6FB193416990027483C /* My Song.m4a in Resources */ = {isa = PBXBuildFile; fileRef = F30ED6FA193416990027483C /* My Song.m4a */; };
/* End PBXBuildFile section */

/* Begin PBXContainerItemProxy section */
		F30ED6AD19328ED90027483C /* PBXContainerItemProxy */ = {
			isa = PBXContainerItemProxy;
			containerPortal = F30ED67819328ED80027483C /* Project object */;
			proxyType = 1;
			remoteGlobalIDString = F30ED67F19328ED80027483C;
			remoteInfo = ShootyJumpyBoy;
		};
/* End PBXContainerItemProxy section */

/* Begin PBXFileReference section */
		F30ED68019328ED80027483C /* ShootyJumpyBoy.app */ = {isa = PBXFileReference; explicitFileType = wrapper.application; includeInIndex = 0; path = ShootyJumpyBoy.app; sourceTree = BUILT_PRODUCTS_DIR; };
		F30ED68319328ED80027483C /* Foundation.framework */ = {isa = PBXFileReference; lastKnownFileType = wrapper.framework; name = Foundation.framework; path = System/Library/Frameworks/Foundation.framework; sourceTree = SDKROOT; };
		F30ED68519328ED80027483C /* CoreGraphics.framework */ = {isa = PBXFileReference; lastKnownFileType = wrapper.framework; name = CoreGraphics.framework; path = System/Library/Frameworks/CoreGraphics.framework; sourceTree = SDKROOT; };
		F30ED68719328ED80027483C /* UIKit.framework */ = {isa = PBXFileReference; lastKnownFileType = wrapper.framework; name = UIKit.framework; path = System/Library/Frameworks/UIKit.framework; sourceTree = SDKROOT; };
		F30ED68919328ED80027483C /* SpriteKit.framework */ = {isa = PBXFileReference; lastKnownFileType = wrapper.framework; name = SpriteKit.framework; path = System/Library/Frameworks/SpriteKit.framework; sourceTree = SDKROOT; };
		F30ED68D19328ED80027483C /* ShootyJumpyBoy-Info.plist */ = {isa = PBXFileReference; lastKnownFileType = text.plist.xml; path = "ShootyJumpyBoy-Info.plist"; sourceTree = "<group>"; };
		F30ED68F19328ED80027483C /* en */ = {isa = PBXFileReference; lastKnownFileType = text.plist.strings; name = en; path = en.lproj/InfoPlist.strings; sourceTree = "<group>"; };
		F30ED69119328ED80027483C /* main.m */ = {isa = PBXFileReference; lastKnownFileType = sourcecode.c.objc; path = main.m; sourceTree = "<group>"; };
		F30ED69319328ED80027483C /* ShootyJumpyBoy-Prefix.pch */ = {isa = PBXFileReference; lastKnownFileType = sourcecode.c.h; path = "ShootyJumpyBoy-Prefix.pch"; sourceTree = "<group>"; };
		F30ED69419328ED80027483C /* AppDelegate.h */ = {isa = PBXFileReference; lastKnownFileType = sourcecode.c.h; path = AppDelegate.h; sourceTree = "<group>"; };
		F30ED69519328ED80027483C /* AppDelegate.m */ = {isa = PBXFileReference; lastKnownFileType = sourcecode.c.objc; path = AppDelegate.m; sourceTree = "<group>"; };
		F30ED69819328ED80027483C /* Base */ = {isa = PBXFileReference; lastKnownFileType = file.storyboard; name = Base; path = Base.lproj/Main.storyboard; sourceTree = "<group>"; };
		F30ED69A19328ED80027483C /* ViewController.h */ = {isa = PBXFileReference; lastKnownFileType = sourcecode.c.h; path = ViewController.h; sourceTree = "<group>"; };
		F30ED69B19328ED80027483C /* ViewController.m */ = {isa = PBXFileReference; lastKnownFileType = sourcecode.c.objc; path = ViewController.m; sourceTree = "<group>"; };
		F30ED69D19328ED80027483C /* MyScene.h */ = {isa = PBXFileReference; lastKnownFileType = sourcecode.c.h; path = MyScene.h; sourceTree = "<group>"; };
		F30ED69E19328ED80027483C /* MyScene.m */ = {isa = PBXFileReference; lastKnownFileType = sourcecode.c.objc; path = MyScene.m; sourceTree = "<group>"; };
		F30ED6A019328ED80027483C /* Spaceship.png */ = {isa = PBXFileReference; lastKnownFileType = image.png; path = Spaceship.png; sourceTree = "<group>"; };
		F30ED6A219328ED80027483C /* Images.xcassets */ = {isa = PBXFileReference; lastKnownFileType = folder.assetcatalog; path = Images.xcassets; sourceTree = "<group>"; };
		F30ED6A819328ED90027483C /* ShootyJumpyBoyTests.xctest */ = {isa = PBXFileReference; explicitFileType = wrapper.cfbundle; includeInIndex = 0; path = ShootyJumpyBoyTests.xctest; sourceTree = BUILT_PRODUCTS_DIR; };
		F30ED6A919328ED90027483C /* XCTest.framework */ = {isa = PBXFileReference; lastKnownFileType = wrapper.framework; name = XCTest.framework; path = Library/Frameworks/XCTest.framework; sourceTree = DEVELOPER_DIR; };
		F30ED6B119328ED90027483C /* ShootyJumpyBoyTests-Info.plist */ = {isa = PBXFileReference; lastKnownFileType = text.plist.xml; path = "ShootyJumpyBoyTests-Info.plist"; sourceTree = "<group>"; };
		F30ED6B319328ED90027483C /* en */ = {isa = PBXFileReference; lastKnownFileType = text.plist.strings; name = en; path = en.lproj/InfoPlist.strings; sourceTree = "<group>"; };
		F30ED6B519328ED90027483C /* ShootyJumpyBoyTests.m */ = {isa = PBXFileReference; lastKnownFileType = sourcecode.c.objc; path = ShootyJumpyBoyTests.m; sourceTree = "<group>"; };
		F30ED6BF1932901C0027483C /* Constants.h */ = {isa = PBXFileReference; fileEncoding = 4; lastKnownFileType = sourcecode.c.h; path = Constants.h; sourceTree = "<group>"; };
		F30ED6C01932901C0027483C /* Constants.m */ = {isa = PBXFileReference; fileEncoding = 4; lastKnownFileType = sourcecode.c.objc; path = Constants.m; sourceTree = "<group>"; };
		F30ED6CD193296390027483C /* Shoot.png */ = {isa = PBXFileReference; lastKnownFileType = image.png; path = Shoot.png; sourceTree = "<group>"; };
		F30ED6D219329E4B0027483C /* brick.png */ = {isa = PBXFileReference; lastKnownFileType = image.png; path = brick.png; sourceTree = "<group>"; };
		F30ED6D41932A0E00027483C /* Jump.png */ = {isa = PBXFileReference; lastKnownFileType = image.png; path = Jump.png; sourceTree = "<group>"; };
		F30ED6D61932E6270027483C /* Run.atlas */ = {isa = PBXFileReference; lastKnownFileType = folder.skatlas; path = Run.atlas; sourceTree = "<group>"; };
		F30ED6D81932E86C0027483C /* bg.png */ = {isa = PBXFileReference; lastKnownFileType = image.png; path = bg.png; sourceTree = "<group>"; };
		F30ED6DA1932EB960027483C /* Projectile.sks */ = {isa = PBXFileReference; lastKnownFileType = file.sks; path = Projectile.sks; sourceTree = "<group>"; };
		F30ED6DB1932EB960027483C /* spark.png */ = {isa = PBXFileReference; lastKnownFileType = image.png; path = spark.png; sourceTree = "<group>"; };
		F30ED6DE1932F4DB0027483C /* Floor.png */ = {isa = PBXFileReference; lastKnownFileType = image.png; path = Floor.png; sourceTree = "<group>"; };
		F30ED6E11932F92A0027483C /* Met.png */ = {isa = PBXFileReference; lastKnownFileType = image.png; path = Met.png; sourceTree = "<group>"; };
		F30ED6E31932FC760027483C /* EXPLOSION.atlas */ = {isa = PBXFileReference; lastKnownFileType = folder.skatlas; path = EXPLOSION.atlas; sourceTree = "<group>"; };
		F30ED6E51933AB100027483C /* StartScene.h */ = {isa = PBXFileReference; fileEncoding = 4; lastKnownFileType = sourcecode.c.h; path = StartScene.h; sourceTree = "<group>"; };
		F30ED6E61933AB100027483C /* StartScene.m */ = {isa = PBXFileReference; fileEncoding = 4; lastKnownFileType = sourcecode.c.objc; path = StartScene.m; sourceTree = "<group>"; };
		F30ED6E81933AB8F0027483C /* SKButton.h */ = {isa = PBXFileReference; fileEncoding = 4; lastKnownFileType = sourcecode.c.h; path = SKButton.h; sourceTree = "<group>"; };
		F30ED6E91933AB8F0027483C /* SKButton.m */ = {isa = PBXFileReference; fileEncoding = 4; lastKnownFileType = sourcecode.c.objc; path = SKButton.m; sourceTree = "<group>"; };
		F30ED6EC1933AD7A0027483C /* ButtonNormal.png */ = {isa = PBXFileReference; lastKnownFileType = image.png; path = ButtonNormal.png; sourceTree = "<group>"; };
		F30ED6ED1933AD7A0027483C /* ButtonSelected.png */ = {isa = PBXFileReference; lastKnownFileType = image.png; path = ButtonSelected.png; sourceTree = "<group>"; };
		F30ED6F01934009B0027483C /* GameOverScene.h */ = {isa = PBXFileReference; fileEncoding = 4; lastKnownFileType = sourcecode.c.h; path = GameOverScene.h; sourceTree = "<group>"; };
		F30ED6F11934009B0027483C /* GameOverScene.m */ = {isa = PBXFileReference; fileEncoding = 4; lastKnownFileType = sourcecode.c.objc; path = GameOverScene.m; sourceTree = "<group>"; };
		F30ED6F5193404780027483C /* GameKit.framework */ = {isa = PBXFileReference; lastKnownFileType = wrapper.framework; name = GameKit.framework; path = System/Library/Frameworks/GameKit.framework; sourceTree = SDKROOT; };
		F30ED6F7193410610027483C /* GCHelper.h */ = {isa = PBXFileReference; lastKnownFileType = sourcecode.c.h; path = GCHelper.h; sourceTree = "<group>"; };
		F30ED6F8193410610027483C /* GCHelper.m */ = {isa = PBXFileReference; lastKnownFileType = sourcecode.c.objc; path = GCHelper.m; sourceTree = "<group>"; };
		F30ED6FA193416990027483C /* My Song.m4a */ = {isa = PBXFileReference; lastKnownFileType = file; path = "My Song.m4a"; sourceTree = "<group>"; };
/* End PBXFileReference section */

/* Begin PBXFrameworksBuildPhase section */
		F30ED67D19328ED80027483C /* Frameworks */ = {
			isa = PBXFrameworksBuildPhase;
			buildActionMask = 2147483647;
			files = (
				F30ED68619328ED80027483C /* CoreGraphics.framework in Frameworks */,
				F30ED68819328ED80027483C /* UIKit.framework in Frameworks */,
				F30ED68A19328ED80027483C /* SpriteKit.framework in Frameworks */,
				F30ED68419328ED80027483C /* Foundation.framework in Frameworks */,
				F30ED6F6193404780027483C /* GameKit.framework in Frameworks */,
			);
			runOnlyForDeploymentPostprocessing = 0;
		};
		F30ED6A519328ED90027483C /* Frameworks */ = {
			isa = PBXFrameworksBuildPhase;
			buildActionMask = 2147483647;
			files = (
				F30ED6AA19328ED90027483C /* XCTest.framework in Frameworks */,
				F30ED6AC19328ED90027483C /* UIKit.framework in Frameworks */,
				F30ED6AB19328ED90027483C /* Foundation.framework in Frameworks */,
			);
			runOnlyForDeploymentPostprocessing = 0;
		};
/* End PBXFrameworksBuildPhase section */

/* Begin PBXGroup section */
		F30ED67719328ED80027483C = {
			isa = PBXGroup;
			children = (
				F30ED68B19328ED80027483C /* ShootyJumpyBoy */,
				F30ED6AF19328ED90027483C /* ShootyJumpyBoyTests */,
				F30ED68219328ED80027483C /* Frameworks */,
				F30ED68119328ED80027483C /* Products */,
			);
			sourceTree = "<group>";
		};
		F30ED68119328ED80027483C /* Products */ = {
			isa = PBXGroup;
			children = (
				F30ED68019328ED80027483C /* ShootyJumpyBoy.app */,
				F30ED6A819328ED90027483C /* ShootyJumpyBoyTests.xctest */,
			);
			name = Products;
			sourceTree = "<group>";
		};
		F30ED68219328ED80027483C /* Frameworks */ = {
			isa = PBXGroup;
			children = (
				F30ED6F5193404780027483C /* GameKit.framework */,
				F30ED68319328ED80027483C /* Foundation.framework */,
				F30ED68519328ED80027483C /* CoreGraphics.framework */,
				F30ED68719328ED80027483C /* UIKit.framework */,
				F30ED68919328ED80027483C /* SpriteKit.framework */,
				F30ED6A919328ED90027483C /* XCTest.framework */,
			);
			name = Frameworks;
			sourceTree = "<group>";
		};
		F30ED68B19328ED80027483C /* ShootyJumpyBoy */ = {
			isa = PBXGroup;
			children = (
				F30ED6CB1932961D0027483C /* Resources */,
				F30ED6F4193400AA0027483C /* Scenes */,
				F30ED69419328ED80027483C /* AppDelegate.h */,
				F30ED69519328ED80027483C /* AppDelegate.m */,
				F30ED6BF1932901C0027483C /* Constants.h */,
				F30ED6C01932901C0027483C /* Constants.m */,
				F30ED6F7193410610027483C /* GCHelper.h */,
				F30ED6F8193410610027483C /* GCHelper.m */,
				F30ED69719328ED80027483C /* Main.storyboard */,
				F30ED69A19328ED80027483C /* ViewController.h */,
				F30ED69B19328ED80027483C /* ViewController.m */,
				F30ED6E81933AB8F0027483C /* SKButton.h */,
				F30ED6E91933AB8F0027483C /* SKButton.m */,
				F30ED6A019328ED80027483C /* Spaceship.png */,
				F30ED6A219328ED80027483C /* Images.xcassets */,
				F30ED68C19328ED80027483C /* Supporting Files */,
			);
			path = ShootyJumpyBoy;
			sourceTree = "<group>";
		};
		F30ED68C19328ED80027483C /* Supporting Files */ = {
			isa = PBXGroup;
			children = (
				F30ED68D19328ED80027483C /* ShootyJumpyBoy-Info.plist */,
				F30ED68E19328ED80027483C /* InfoPlist.strings */,
				F30ED69119328ED80027483C /* main.m */,
				F30ED69319328ED80027483C /* ShootyJumpyBoy-Prefix.pch */,
			);
			name = "Supporting Files";
			sourceTree = "<group>";
		};
		F30ED6AF19328ED90027483C /* ShootyJumpyBoyTests */ = {
			isa = PBXGroup;
			children = (
				F30ED6B519328ED90027483C /* ShootyJumpyBoyTests.m */,
				F30ED6B019328ED90027483C /* Supporting Files */,
			);
			path = ShootyJumpyBoyTests;
			sourceTree = "<group>";
		};
		F30ED6B019328ED90027483C /* Supporting Files */ = {
			isa = PBXGroup;
			children = (
				F30ED6B119328ED90027483C /* ShootyJumpyBoyTests-Info.plist */,
				F30ED6B219328ED90027483C /* InfoPlist.strings */,
			);
			name = "Supporting Files";
			sourceTree = "<group>";
		};
		F30ED6CB1932961D0027483C /* Resources */ = {
			isa = PBXGroup;
			children = (
				F30ED6F9193416890027483C /* Music */,
				F30ED6EB1933AD6C0027483C /* Buttons */,
				F30ED6DA1932EB960027483C /* Projectile.sks */,
				F30ED6DB1932EB960027483C /* spark.png */,
				F30ED6E31932FC760027483C /* EXPLOSION.atlas */,
				F30ED6E01932F90F0027483C /* Enemies */,
				F30ED6CF19329D7A0027483C /* Environment */,
				F30ED6CC193296260027483C /* Player */,
			);
			name = Resources;
			sourceTree = "<group>";
		};
		F30ED6CC193296260027483C /* Player */ = {
			isa = PBXGroup;
			children = (
				F30ED6D61932E6270027483C /* Run.atlas */,
				F30ED6D41932A0E00027483C /* Jump.png */,
				F30ED6CD193296390027483C /* Shoot.png */,
			);
			name = Player;
			sourceTree = "<group>";
		};
		F30ED6CF19329D7A0027483C /* Environment */ = {
			isa = PBXGroup;
			children = (
				F30ED6DE1932F4DB0027483C /* Floor.png */,
				F30ED6D81932E86C0027483C /* bg.png */,
				F30ED6D219329E4B0027483C /* brick.png */,
			);
			name = Environment;
			sourceTree = "<group>";
		};
		F30ED6E01932F90F0027483C /* Enemies */ = {
			isa = PBXGroup;
			children = (
				F30ED6E11932F92A0027483C /* Met.png */,
			);
			name = Enemies;
			sourceTree = "<group>";
		};
		F30ED6EB1933AD6C0027483C /* Buttons */ = {
			isa = PBXGroup;
			children = (
				F30ED6EC1933AD7A0027483C /* ButtonNormal.png */,
				F30ED6ED1933AD7A0027483C /* ButtonSelected.png */,
			);
			name = Buttons;
			sourceTree = "<group>";
		};
		F30ED6F4193400AA0027483C /* Scenes */ = {
			isa = PBXGroup;
			children = (
				F30ED69D19328ED80027483C /* MyScene.h */,
				F30ED69E19328ED80027483C /* MyScene.m */,
				F30ED6E51933AB100027483C /* StartScene.h */,
				F30ED6E61933AB100027483C /* StartScene.m */,
				F30ED6F01934009B0027483C /* GameOverScene.h */,
				F30ED6F11934009B0027483C /* GameOverScene.m */,
			);
			name = Scenes;
			sourceTree = "<group>";
		};
		F30ED6F9193416890027483C /* Music */ = {
			isa = PBXGroup;
			children = (
				F30ED6FA193416990027483C /* My Song.m4a */,
			);
			name = Music;
			sourceTree = "<group>";
		};
/* End PBXGroup section */

/* Begin PBXNativeTarget section */
		F30ED67F19328ED80027483C /* ShootyJumpyBoy */ = {
			isa = PBXNativeTarget;
			buildConfigurationList = F30ED6B919328ED90027483C /* Build configuration list for PBXNativeTarget "ShootyJumpyBoy" */;
			buildPhases = (
				F30ED67C19328ED80027483C /* Sources */,
				F30ED67D19328ED80027483C /* Frameworks */,
				F30ED67E19328ED80027483C /* Resources */,
			);
			buildRules = (
			);
			dependencies = (
			);
			name = ShootyJumpyBoy;
			productName = ShootyJumpyBoy;
			productReference = F30ED68019328ED80027483C /* ShootyJumpyBoy.app */;
			productType = "com.apple.product-type.application";
		};
		F30ED6A719328ED90027483C /* ShootyJumpyBoyTests */ = {
			isa = PBXNativeTarget;
			buildConfigurationList = F30ED6BC19328ED90027483C /* Build configuration list for PBXNativeTarget "ShootyJumpyBoyTests" */;
			buildPhases = (
				F30ED6A419328ED90027483C /* Sources */,
				F30ED6A519328ED90027483C /* Frameworks */,
				F30ED6A619328ED90027483C /* Resources */,
			);
			buildRules = (
			);
			dependencies = (
				F30ED6AE19328ED90027483C /* PBXTargetDependency */,
			);
			name = ShootyJumpyBoyTests;
			productName = ShootyJumpyBoyTests;
			productReference = F30ED6A819328ED90027483C /* ShootyJumpyBoyTests.xctest */;
			productType = "com.apple.product-type.bundle.unit-test";
		};
/* End PBXNativeTarget section */

/* Begin PBXProject section */
		F30ED67819328ED80027483C /* Project object */ = {
			isa = PBXProject;
			attributes = {
				LastUpgradeCheck = 0510;
				ORGANIZATIONNAME = "Mark Meyer";
				TargetAttributes = {
					F30ED67F19328ED80027483C = {
						DevelopmentTeam = 8HEK9W23RJ;
						SystemCapabilities = {
							com.apple.GameCenter = {
								enabled = 1;
							};
						};
					};
					F30ED6A719328ED90027483C = {
						TestTargetID = F30ED67F19328ED80027483C;
					};
				};
			};
			buildConfigurationList = F30ED67B19328ED80027483C /* Build configuration list for PBXProject "ShootyJumpyBoy" */;
			compatibilityVersion = "Xcode 3.2";
			developmentRegion = English;
			hasScannedForEncodings = 0;
			knownRegions = (
				en,
				Base,
			);
			mainGroup = F30ED67719328ED80027483C;
			productRefGroup = F30ED68119328ED80027483C /* Products */;
			projectDirPath = "";
			projectRoot = "";
			targets = (
				F30ED67F19328ED80027483C /* ShootyJumpyBoy */,
				F30ED6A719328ED90027483C /* ShootyJumpyBoyTests */,
			);
		};
/* End PBXProject section */

/* Begin PBXResourcesBuildPhase section */
		F30ED67E19328ED80027483C /* Resources */ = {
			isa = PBXResourcesBuildPhase;
			buildActionMask = 2147483647;
			files = (
				F30ED6DD1932EB960027483C /* spark.png in Resources */,
				F30ED6D71932E6270027483C /* Run.atlas in Resources */,
				F30ED69019328ED80027483C /* InfoPlist.strings in Resources */,
				F30ED6DC1932EB960027483C /* Projectile.sks in Resources */,
				F30ED6D91932E86C0027483C /* bg.png in Resources */,
				F30ED6EE1933AD7A0027483C /* ButtonNormal.png in Resources */,
				F30ED6A319328ED80027483C /* Images.xcassets in Resources */,
				F30ED6E21932F92A0027483C /* Met.png in Resources */,
				F30ED6A119328ED80027483C /* Spaceship.png in Resources */,
				F30ED69919328ED80027483C /* Main.storyboard in Resources */,
				F30ED6EF1933AD7A0027483C /* ButtonSelected.png in Resources */,
				F30ED6E41932FC760027483C /* EXPLOSION.atlas in Resources */,
				F30ED6CE193296390027483C /* Shoot.png in Resources */,
				F30ED6D319329E4B0027483C /* brick.png in Resources */,
				F30ED6FB193416990027483C /* My Song.m4a in Resources */,
				F30ED6DF1932F4DB0027483C /* Floor.png in Resources */,
				F30ED6D51932A0E00027483C /* Jump.png in Resources */,
			);
			runOnlyForDeploymentPostprocessing = 0;
		};
		F30ED6A619328ED90027483C /* Resources */ = {
			isa = PBXResourcesBuildPhase;
			buildActionMask = 2147483647;
			files = (
				F30ED6B419328ED90027483C /* InfoPlist.strings in Resources */,
			);
			runOnlyForDeploymentPostprocessing = 0;
		};
/* End PBXResourcesBuildPhase section */

/* Begin PBXSourcesBuildPhase section */
		F30ED67C19328ED80027483C /* Sources */ = {
			isa = PBXSourcesBuildPhase;
			buildActionMask = 2147483647;
			files = (
				F30ED6EA1933AB8F0027483C /* SKButton.m in Sources */,
				F30ED6C11932901C0027483C /* Constants.m in Sources */,
				F30ED6E71933AB100027483C /* StartScene.m in Sources */,
				F30ED69F19328ED80027483C /* MyScene.m in Sources */,
				F30ED69C19328ED80027483C /* ViewController.m in Sources */,
				F30ED69619328ED80027483C /* AppDelegate.m in Sources */,
				F30ED6F21934009B0027483C /* GameOverScene.m in Sources */,
				F30ED69219328ED80027483C /* main.m in Sources */,
			);
			runOnlyForDeploymentPostprocessing = 0;
		};
		F30ED6A419328ED90027483C /* Sources */ = {
			isa = PBXSourcesBuildPhase;
			buildActionMask = 2147483647;
			files = (
				F30ED6B619328ED90027483C /* ShootyJumpyBoyTests.m in Sources */,
			);
			runOnlyForDeploymentPostprocessing = 0;
		};
/* End PBXSourcesBuildPhase section */

/* Begin PBXTargetDependency section */
		F30ED6AE19328ED90027483C /* PBXTargetDependency */ = {
			isa = PBXTargetDependency;
			target = F30ED67F19328ED80027483C /* ShootyJumpyBoy */;
			targetProxy = F30ED6AD19328ED90027483C /* PBXContainerItemProxy */;
		};
/* End PBXTargetDependency section */

/* Begin PBXVariantGroup section */
		F30ED68E19328ED80027483C /* InfoPlist.strings */ = {
			isa = PBXVariantGroup;
			children = (
				F30ED68F19328ED80027483C /* en */,
			);
			name = InfoPlist.strings;
			sourceTree = "<group>";
		};
		F30ED69719328ED80027483C /* Main.storyboard */ = {
			isa = PBXVariantGroup;
			children = (
				F30ED69819328ED80027483C /* Base */,
			);
			name = Main.storyboard;
			sourceTree = "<group>";
		};
		F30ED6B219328ED90027483C /* InfoPlist.strings */ = {
			isa = PBXVariantGroup;
			children = (
				F30ED6B319328ED90027483C /* en */,
			);
			name = InfoPlist.strings;
			sourceTree = "<group>";
		};
/* End PBXVariantGroup section */

/* Begin XCBuildConfiguration section */
		F30ED6B719328ED90027483C /* Debug */ = {
			isa = XCBuildConfiguration;
			buildSettings = {
				ALWAYS_SEARCH_USER_PATHS = NO;
				CLANG_CXX_LANGUAGE_STANDARD = "gnu++0x";
				CLANG_CXX_LIBRARY = "libc++";
				CLANG_ENABLE_MODULES = YES;
				CLANG_ENABLE_OBJC_ARC = YES;
				CLANG_WARN_BOOL_CONVERSION = YES;
				CLANG_WARN_CONSTANT_CONVERSION = YES;
				CLANG_WARN_DIRECT_OBJC_ISA_USAGE = YES_ERROR;
				CLANG_WARN_EMPTY_BODY = YES;
				CLANG_WARN_ENUM_CONVERSION = YES;
				CLANG_WARN_INT_CONVERSION = YES;
				CLANG_WARN_OBJC_ROOT_CLASS = YES_ERROR;
				CLANG_WARN__DUPLICATE_METHOD_MATCH = YES;
				"CODE_SIGN_IDENTITY[sdk=iphoneos*]" = "iPhone Developer";
				COPY_PHASE_STRIP = NO;
				GCC_C_LANGUAGE_STANDARD = gnu99;
				GCC_DYNAMIC_NO_PIC = NO;
				GCC_OPTIMIZATION_LEVEL = 0;
				GCC_PREPROCESSOR_DEFINITIONS = (
					"DEBUG=1",
					"$(inherited)",
				);
				GCC_SYMBOLS_PRIVATE_EXTERN = NO;
				GCC_WARN_64_TO_32_BIT_CONVERSION = YES;
				GCC_WARN_ABOUT_RETURN_TYPE = YES_ERROR;
				GCC_WARN_UNDECLARED_SELECTOR = YES;
				GCC_WARN_UNINITIALIZED_AUTOS = YES_AGGRESSIVE;
				GCC_WARN_UNUSED_FUNCTION = YES;
				GCC_WARN_UNUSED_VARIABLE = YES;
				IPHONEOS_DEPLOYMENT_TARGET = 7.1;
				ONLY_ACTIVE_ARCH = YES;
				SDKROOT = iphoneos;
			};
			name = Debug;
		};
		F30ED6B819328ED90027483C /* Release */ = {
			isa = XCBuildConfiguration;
			buildSettings = {
				ALWAYS_SEARCH_USER_PATHS = NO;
				CLANG_CXX_LANGUAGE_STANDARD = "gnu++0x";
				CLANG_CXX_LIBRARY = "libc++";
				CLANG_ENABLE_MODULES = YES;
				CLANG_ENABLE_OBJC_ARC = YES;
				CLANG_WARN_BOOL_CONVERSION = YES;
				CLANG_WARN_CONSTANT_CONVERSION = YES;
				CLANG_WARN_DIRECT_OBJC_ISA_USAGE = YES_ERROR;
				CLANG_WARN_EMPTY_BODY = YES;
				CLANG_WARN_ENUM_CONVERSION = YES;
				CLANG_WARN_INT_CONVERSION = YES;
				CLANG_WARN_OBJC_ROOT_CLASS = YES_ERROR;
				CLANG_WARN__DUPLICATE_METHOD_MATCH = YES;
				"CODE_SIGN_IDENTITY[sdk=iphoneos*]" = "iPhone Developer";
				COPY_PHASE_STRIP = YES;
				ENABLE_NS_ASSERTIONS = NO;
				GCC_C_LANGUAGE_STANDARD = gnu99;
				GCC_WARN_64_TO_32_BIT_CONVERSION = YES;
				GCC_WARN_ABOUT_RETURN_TYPE = YES_ERROR;
				GCC_WARN_UNDECLARED_SELECTOR = YES;
				GCC_WARN_UNINITIALIZED_AUTOS = YES_AGGRESSIVE;
				GCC_WARN_UNUSED_FUNCTION = YES;
				GCC_WARN_UNUSED_VARIABLE = YES;
				IPHONEOS_DEPLOYMENT_TARGET = 7.1;
				SDKROOT = iphoneos;
				VALIDATE_PRODUCT = YES;
			};
			name = Release;
		};
		F30ED6BA19328ED90027483C /* Debug */ = {
			isa = XCBuildConfiguration;
			buildSettings = {
				ASSETCATALOG_COMPILER_APPICON_NAME = AppIcon;
				ASSETCATALOG_COMPILER_LAUNCHIMAGE_NAME = LaunchImage;
				CODE_SIGN_IDENTITY = "iPhone Developer";
				"CODE_SIGN_IDENTITY[sdk=iphoneos*]" = "iPhone Developer";
				GCC_PRECOMPILE_PREFIX_HEADER = YES;
				GCC_PREFIX_HEADER = "ShootyJumpyBoy/ShootyJumpyBoy-Prefix.pch";
				INFOPLIST_FILE = "ShootyJumpyBoy/ShootyJumpyBoy-Info.plist";
				PRODUCT_NAME = "$(TARGET_NAME)";
				PROVISIONING_PROFILE = "";
				SPRITEKIT_TEXTURE_ATLAS_OUTPUT = YES;
				WRAPPER_EXTENSION = app;
			};
			name = Debug;
		};
		F30ED6BB19328ED90027483C /* Release */ = {
			isa = XCBuildConfiguration;
			buildSettings = {
				ASSETCATALOG_COMPILER_APPICON_NAME = AppIcon;
				ASSETCATALOG_COMPILER_LAUNCHIMAGE_NAME = LaunchImage;
				CODE_SIGN_IDENTITY = "iPhone Developer";
				"CODE_SIGN_IDENTITY[sdk=iphoneos*]" = "iPhone Developer";
				GCC_PRECOMPILE_PREFIX_HEADER = YES;
				GCC_PREFIX_HEADER = "ShootyJumpyBoy/ShootyJumpyBoy-Prefix.pch";
				INFOPLIST_FILE = "ShootyJumpyBoy/ShootyJumpyBoy-Info.plist";
				PRODUCT_NAME = "$(TARGET_NAME)";
				PROVISIONING_PROFILE = "";
				SPRITEKIT_TEXTURE_ATLAS_OUTPUT = YES;
				WRAPPER_EXTENSION = app;
			};
			name = Release;
		};
		F30ED6BD19328ED90027483C /* Debug */ = {
			isa = XCBuildConfiguration;
			buildSettings = {
				BUNDLE_LOADER = "$(BUILT_PRODUCTS_DIR)/ShootyJumpyBoy.app/ShootyJumpyBoy";
				FRAMEWORK_SEARCH_PATHS = (
					"$(SDKROOT)/Developer/Library/Frameworks",
					"$(inherited)",
					"$(DEVELOPER_FRAMEWORKS_DIR)",
				);
				GCC_PRECOMPILE_PREFIX_HEADER = YES;
				GCC_PREFIX_HEADER = "ShootyJumpyBoy/ShootyJumpyBoy-Prefix.pch";
				GCC_PREPROCESSOR_DEFINITIONS = (
					"DEBUG=1",
					"$(inherited)",
				);
				INFOPLIST_FILE = "ShootyJumpyBoyTests/ShootyJumpyBoyTests-Info.plist";
				PRODUCT_NAME = "$(TARGET_NAME)";
				TEST_HOST = "$(BUNDLE_LOADER)";
				WRAPPER_EXTENSION = xctest;
			};
			name = Debug;
		};
		F30ED6BE19328ED90027483C /* Release */ = {
			isa = XCBuildConfiguration;
			buildSettings = {
				BUNDLE_LOADER = "$(BUILT_PRODUCTS_DIR)/ShootyJumpyBoy.app/ShootyJumpyBoy";
				FRAMEWORK_SEARCH_PATHS = (
					"$(SDKROOT)/Developer/Library/Frameworks",
					"$(inherited)",
					"$(DEVELOPER_FRAMEWORKS_DIR)",
				);
				GCC_PRECOMPILE_PREFIX_HEADER = YES;
				GCC_PREFIX_HEADER = "ShootyJumpyBoy/ShootyJumpyBoy-Prefix.pch";
				INFOPLIST_FILE = "ShootyJumpyBoyTests/ShootyJumpyBoyTests-Info.plist";
				PRODUCT_NAME = "$(TARGET_NAME)";
				TEST_HOST = "$(BUNDLE_LOADER)";
				WRAPPER_EXTENSION = xctest;
			};
			name = Release;
		};
/* End XCBuildConfiguration section */

/* Begin XCConfigurationList section */
		F30ED67B19328ED80027483C /* Build configuration list for PBXProject "ShootyJumpyBoy" */ = {
			isa = XCConfigurationList;
			buildConfigurations = (
				F30ED6B719328ED90027483C /* Debug */,
				F30ED6B819328ED90027483C /* Release */,
			);
			defaultConfigurationIsVisible = 0;
			defaultConfigurationName = Release;
		};
		F30ED6B919328ED90027483C /* Build configuration list for PBXNativeTarget "ShootyJumpyBoy" */ = {
			isa = XCConfigurationList;
			buildConfigurations = (
				F30ED6BA19328ED90027483C /* Debug */,
				F30ED6BB19328ED90027483C /* Release */,
			);
			defaultConfigurationIsVisible = 0;
		};
		F30ED6BC19328ED90027483C /* Build configuration list for PBXNativeTarget "ShootyJumpyBoyTests" */ = {
			isa = XCConfigurationList;
			buildConfigurations = (
				F30ED6BD19328ED90027483C /* Debug */,
				F30ED6BE19328ED90027483C /* Release */,
			);
			defaultConfigurationIsVisible = 0;
		};
/* End XCConfigurationList section */
	};
	rootObject = F30ED67819328ED80027483C /* Project object */;
}
